
Microsoft Visual Studio Solution File, Format Version 12.00
# Visual Studio Version 17
VisualStudioVersion = 17.7.34031.279
MinimumVisualStudioVersion = 10.0.40219.1
Project("{FAE04EC0-301F-11D3-BF4B-00C04F79EFBC}") = "ChallengeApp", "ChallengeApp\ChallengeApp.csproj", "{57BEB115-80E4-4D67-B5ED-9CE92404CDF9}"
EndProject
Global
	GlobalSection(SolutionConfigurationPlatforms) = preSolution
		Debug|Any CPU = Debug|Any CPU
		Release|Any CPU = Release|Any CPU
	EndGlobalSection
	GlobalSection(ProjectConfigurationPlatforms) = postSolution
		{57BEB115-80E4-4D67-B5ED-9CE92404CDF9}.Debug|Any CPU.ActiveCfg = Debug|Any CPU
		{57BEB115-80E4-4D67-B5ED-9CE92404CDF9}.Debug|Any CPU.Build.0 = Debug|Any CPU
		{57BEB115-80E4-4D67-B5ED-9CE92404CDF9}.Release|Any CPU.ActiveCfg = Release|Any CPU
		{57BEB115-80E4-4D67-B5ED-9CE92404CDF9}.Release|Any CPU.Build.0 = Release|Any CPU
	EndGlobalSection
	GlobalSection(SolutionProperties) = preSolution
		HideSolutionNode = FALSE
	EndGlobalSection
	GlobalSection(ExtensibilityGlobals) = postSolution
		SolutionGuid = {A4C47772-56C7-4DE5-B3AF-20548AF455B4}
	EndGlobalSection
EndGlobal
